
Microsoft Visual Studio Solution File, Format Version 12.00
# Visual Studio Version 17
VisualStudioVersion = 17.14.36203.30 d17.14
MinimumVisualStudioVersion = 10.0.40219.1
Project("{FAE04EC0-301F-11D3-BF4B-00C04F79EFBC}") = "StudentManagerUI", "StudentManagerUI\StudentManagerUI.csproj", "{5ED59566-79A0-468E-A3FF-0EC2906DB92B}"
EndProject
Project("{FAE04EC0-301F-11D3-BF4B-00C04F79EFBC}") = "StudentManager.Domain", "StudentManager.Domain\StudentManager.Domain.csproj", "{C4FCC8F5-B257-4779-B635-C38BC4D608C3}"
EndProject
Project("{FAE04EC0-301F-11D3-BF4B-00C04F79EFBC}") = "StudentManager.Infrastructure", "StudentManager.Infrastructure\StudentManager.Infrastructure.csproj", "{6451DE0B-8D98-4089-A459-BC496535EDB6}"
EndProject
Project("{FAE04EC0-301F-11D3-BF4B-00C04F79EFBC}") = "StudentManager.Application", "StudentManager.Application\StudentManager.Application.csproj", "{6A30CE44-3CC8-43B5-8B59-9A37D5DF57C3}"
EndProject
Global
	GlobalSection(SolutionConfigurationPlatforms) = preSolution
		Debug|Any CPU = Debug|Any CPU
		Release|Any CPU = Release|Any CPU
	EndGlobalSection
	GlobalSection(ProjectConfigurationPlatforms) = postSolution
		{5ED59566-79A0-468E-A3FF-0EC2906DB92B}.Debug|Any CPU.ActiveCfg = Debug|Any CPU
		{5ED59566-79A0-468E-A3FF-0EC2906DB92B}.Debug|Any CPU.Build.0 = Debug|Any CPU
		{5ED59566-79A0-468E-A3FF-0EC2906DB92B}.Release|Any CPU.ActiveCfg = Release|Any CPU
		{5ED59566-79A0-468E-A3FF-0EC2906DB92B}.Release|Any CPU.Build.0 = Release|Any CPU
		{C4FCC8F5-B257-4779-B635-C38BC4D608C3}.Debug|Any CPU.ActiveCfg = Debug|Any CPU
		{C4FCC8F5-B257-4779-B635-C38BC4D608C3}.Debug|Any CPU.Build.0 = Debug|Any CPU
		{C4FCC8F5-B257-4779-B635-C38BC4D608C3}.Release|Any CPU.ActiveCfg = Release|Any CPU
		{C4FCC8F5-B257-4779-B635-C38BC4D608C3}.Release|Any CPU.Build.0 = Release|Any CPU
		{6451DE0B-8D98-4089-A459-BC496535EDB6}.Debug|Any CPU.ActiveCfg = Debug|Any CPU
		{6451DE0B-8D98-4089-A459-BC496535EDB6}.Debug|Any CPU.Build.0 = Debug|Any CPU
		{6451DE0B-8D98-4089-A459-BC496535EDB6}.Release|Any CPU.ActiveCfg = Release|Any CPU
		{6451DE0B-8D98-4089-A459-BC496535EDB6}.Release|Any CPU.Build.0 = Release|Any CPU
		{6A30CE44-3CC8-43B5-8B59-9A37D5DF57C3}.Debug|Any CPU.ActiveCfg = Debug|Any CPU
		{6A30CE44-3CC8-43B5-8B59-9A37D5DF57C3}.Debug|Any CPU.Build.0 = Debug|Any CPU
		{6A30CE44-3CC8-43B5-8B59-9A37D5DF57C3}.Release|Any CPU.ActiveCfg = Release|Any CPU
		{6A30CE44-3CC8-43B5-8B59-9A37D5DF57C3}.Release|Any CPU.Build.0 = Release|Any CPU
	EndGlobalSection
	GlobalSection(SolutionProperties) = preSolution
		HideSolutionNode = FALSE
	EndGlobalSection
	GlobalSection(ExtensibilityGlobals) = postSolution
		SolutionGuid = {48B3136A-FE7B-493D-82BD-BF41C96290DB}
	EndGlobalSection
EndGlobal
